// !$*UTF8*$!
{
	archiveVersion = 1;
	classes = {
	};
	objectVersion = 48;
	objects = {

/* Begin PBXBuildFile section */
		A36EC1261FE3057D000FBBCC /* AppDelegate.swift in Sources */ = {isa = PBXBuildFile; fileRef = A36EC1251FE3057D000FBBCC /* AppDelegate.swift */; };
		A36EC1281FE3057D000FBBCC /* ViewController.swift in Sources */ = {isa = PBXBuildFile; fileRef = A36EC1271FE3057D000FBBCC /* ViewController.swift */; };
		A36EC12B1FE3057D000FBBCC /* Main.storyboard in Resources */ = {isa = PBXBuildFile; fileRef = A36EC1291FE3057D000FBBCC /* Main.storyboard */; };
		A36EC12D1FE3057D000FBBCC /* Assets.xcassets in Resources */ = {isa = PBXBuildFile; fileRef = A36EC12C1FE3057D000FBBCC /* Assets.xcassets */; };
		A36EC1301FE3057D000FBBCC /* LaunchScreen.storyboard in Resources */ = {isa = PBXBuildFile; fileRef = A36EC12E1FE3057D000FBBCC /* LaunchScreen.storyboard */; };
/* End PBXBuildFile section */

/* Begin PBXFileReference section */
		A36EC1221FE3057D000FBBCC /* location-aware.app */ = {isa = PBXFileReference; explicitFileType = wrapper.application; includeInIndex = 0; path = "location-aware.app"; sourceTree = BUILT_PRODUCTS_DIR; };
		A36EC1251FE3057D000FBBCC /* AppDelegate.swift */ = {isa = PBXFileReference; lastKnownFileType = sourcecode.swift; path = AppDelegate.swift; sourceTree = "<group>"; };
		A36EC1271FE3057D000FBBCC /* ViewController.swift */ = {isa = PBXFileReference; lastKnownFileType = sourcecode.swift; path = ViewController.swift; sourceTree = "<group>"; };
		A36EC12A1FE3057D000FBBCC /* Base */ = {isa = PBXFileReference; lastKnownFileType = file.storyboard; name = Base; path = Base.lproj/Main.storyboard; sourceTree = "<group>"; };
		A36EC12C1FE3057D000FBBCC /* Assets.xcassets */ = {isa = PBXFileReference; lastKnownFileType = folder.assetcatalog; path = Assets.xcassets; sourceTree = "<group>"; };
		A36EC12F1FE3057D000FBBCC /* Base */ = {isa = PBXFileReference; lastKnownFileType = file.storyboard; name = Base; path = Base.lproj/LaunchScreen.storyboard; sourceTree = "<group>"; };
		A36EC1311FE3057D000FBBCC /* Info.plist */ = {isa = PBXFileReference; lastKnownFileType = text.plist.xml; path = Info.plist; sourceTree = "<group>"; };
/* End PBXFileReference section */

/* Begin PBXFrameworksBuildPhase section */
		A36EC11F1FE3057D000FBBCC /* Frameworks */ = {
			isa = PBXFrameworksBuildPhase;
			buildActionMask = 2147483647;
			files = (
			);
			runOnlyForDeploymentPostprocessing = 0;
		};
/* End PBXFrameworksBuildPhase section */

/* Begin PBXGroup section */
		A36EC1191FE3057D000FBBCC = {
			isa = PBXGroup;
			children = (
				A36EC1241FE3057D000FBBCC /* location-aware */,
				A36EC1231FE3057D000FBBCC /* Products */,
			);
			sourceTree = "<group>";
		};
		A36EC1231FE3057D000FBBCC /* Products */ = {
			isa = PBXGroup;
			children = (
				A36EC1221FE3057D000FBBCC /* location-aware.app */,
			);
			name = Products;
			sourceTree = "<group>";
		};
		A36EC1241FE3057D000FBBCC /* location-aware */ = {
			isa = PBXGroup;
			children = (
				A36EC1251FE3057D000FBBCC /* AppDelegate.swift */,
				A36EC1271FE3057D000FBBCC /* ViewController.swift */,
				A36EC1291FE3057D000FBBCC /* Main.storyboard */,
				A36EC12C1FE3057D000FBBCC /* Assets.xcassets */,
				A36EC12E1FE3057D000FBBCC /* LaunchScreen.storyboard */,
				A36EC1311FE3057D000FBBCC /* Info.plist */,
			);
			path = "location-aware";
			sourceTree = "<group>";
		};
/* End PBXGroup section */

/* Begin PBXNativeTarget section */
		A36EC1211FE3057D000FBBCC /* location-aware */ = {
			isa = PBXNativeTarget;
			buildConfigurationList = A36EC1341FE3057D000FBBCC /* Build configuration list for PBXNativeTarget "location-aware" */;
			buildPhases = (
				A36EC11E1FE3057D000FBBCC /* Sources */,
				A36EC11F1FE3057D000FBBCC /* Frameworks */,
				A36EC1201FE3057D000FBBCC /* Resources */,
			);
			buildRules = (
			);
			dependencies = (
			);
			name = "location-aware";
			productName = "location-aware";
			productReference = A36EC1221FE3057D000FBBCC /* location-aware.app */;
			productType = "com.apple.product-type.application";
		};
/* End PBXNativeTarget section */

/* Begin PBXProject section */
		A36EC11A1FE3057D000FBBCC /* Project object */ = {
			isa = PBXProject;
			attributes = {
				LastSwiftUpdateCheck = 0920;
				LastUpgradeCheck = 0920;
				ORGANIZATIONNAME = "Jen Homann";
				TargetAttributes = {
					A36EC1211FE3057D000FBBCC = {
						CreatedOnToolsVersion = 9.2;
						ProvisioningStyle = Automatic;
					};
				};
			};
			buildConfigurationList = A36EC11D1FE3057D000FBBCC /* Build configuration list for PBXProject "location-aware" */;
			compatibilityVersion = "Xcode 8.0";
			developmentRegion = en;
			hasScannedForEncodings = 0;
			knownRegions = (
				en,
				Base,
			);
			mainGroup = A36EC1191FE3057D000FBBCC;
			productRefGroup = A36EC1231FE3057D000FBBCC /* Products */;
			projectDirPath = "";
			projectRoot = "";
			targets = (
				A36EC1211FE3057D000FBBCC /* location-aware */,
			);
		};
/* End PBXProject section */

/* Begin PBXResourcesBuildPhase section */
		A36EC1201FE3057D000FBBCC /* Resources */ = {
			isa = PBXResourcesBuildPhase;
			buildActionMask = 2147483647;
			files = (
				A36EC1301FE3057D000FBBCC /* LaunchScreen.storyboard in Resources */,
				A36EC12D1FE3057D000FBBCC /* Assets.xcassets in Resources */,
				A36EC12B1FE3057D000FBBCC /* Main.storyboard in Resources */,
			);
			runOnlyForDeploymentPostprocessing = 0;
		};
/* End PBXResourcesBuildPhase section */

/* Begin PBXSourcesBuildPhase section */
		A36EC11E1FE3057D000FBBCC /* Sources */ = {
			isa = PBXSourcesBuildPhase;
			buildActionMask = 2147483647;
			files = (
				A36EC1281FE3057D000FBBCC /* ViewController.swift in Sources */,
				A36EC1261FE3057D000FBBCC /* AppDelegate.swift in Sources */,
			);
			runOnlyForDeploymentPostprocessing = 0;
		};
/* End PBXSourcesBuildPhase section */

/* Begin PBXVariantGroup section */
		A36EC1291FE3057D000FBBCC /* Main.storyboard */ = {
			isa = PBXVariantGroup;
			children = (
				A36EC12A1FE3057D000FBBCC /* Base */,
			);
			name = Main.storyboard;
			sourceTree = "<group>";
		};
		A36EC12E1FE3057D000FBBCC /* LaunchScreen.storyboard */ = {
			isa = PBXVariantGroup;
			children = (
				A36EC12F1FE3057D000FBBCC /* Base */,
			);
			name = LaunchScreen.storyboard;
			sourceTree = "<group>";
		};
/* End PBXVariantGroup section */

/* Begin XCBuildConfiguration section */
		A36EC1321FE3057D000FBBCC /* Debug */ = {
			isa = XCBuildConfiguration;
			buildSettings = {
				ALWAYS_SEARCH_USER_PATHS = NO;
				CLANG_ANALYZER_NONNULL = YES;
				CLANG_ANALYZER_NUMBER_OBJECT_CONVERSION = YES_AGGRESSIVE;
				CLANG_CXX_LANGUAGE_STANDARD = "gnu++14";
				CLANG_CXX_LIBRARY = "libc++";
				CLANG_ENABLE_MODULES = YES;
				CLANG_ENABLE_OBJC_ARC = YES;
				CLANG_WARN_BLOCK_CAPTURE_AUTORELEASING = YES;
				CLANG_WARN_BOOL_CONVERSION = YES;
				CLANG_WARN_COMMA = YES;
				CLANG_WARN_CONSTANT_CONVERSION = YES;
				CLANG_WARN_DIRECT_OBJC_ISA_USAGE = YES_ERROR;
				CLANG_WARN_DOCUMENTATION_COMMENTS = YES;
				CLANG_WARN_EMPTY_BODY = YES;
				CLANG_WARN_ENUM_CONVERSION = YES;
				CLANG_WARN_INFINITE_RECURSION = YES;
				CLANG_WARN_INT_CONVERSION = YES;
				CLANG_WARN_NON_LITERAL_NULL_CONVERSION = YES;
				CLANG_WARN_OBJC_LITERAL_CONVERSION = YES;
				CLANG_WARN_OBJC_ROOT_CLASS = YES_ERROR;
				CLANG_WARN_RANGE_LOOP_ANALYSIS = YES;
				CLANG_WARN_STRICT_PROTOTYPES = YES;
				CLANG_WARN_SUSPICIOUS_MOVE = YES;
				CLANG_WARN_UNGUARDED_AVAILABILITY = YES_AGGRESSIVE;
				CLANG_WARN_UNREACHABLE_CODE = YES;
				CLANG_WARN__DUPLICATE_METHOD_MATCH = YES;
				CODE_SIGN_IDENTITY = "iPhone Developer";
				COPY_PHASE_STRIP = NO;
				DEBUG_INFORMATION_FORMAT = dwarf;
				ENABLE_STRICT_OBJC_MSGSEND = YES;
				ENABLE_TESTABILITY = YES;
				GCC_C_LANGUAGE_STANDARD = gnu11;
				GCC_DYNAMIC_NO_PIC = NO;
				GCC_NO_COMMON_BLOCKS = YES;
				GCC_OPTIMIZATION_LEVEL = 0;
				GCC_PREPROCESSOR_DEFINITIONS = (
					"DEBUG=1",
					"$(inherited)",
				);
				GCC_WARN_64_TO_32_BIT_CONVERSION = YES;
				GCC_WARN_ABOUT_RETURN_TYPE = YES_ERROR;
				GCC_WARN_UNDECLARED_SELECTOR = YES;
				GCC_WARN_UNINITIALIZED_AUTOS = YES_AGGRESSIVE;
				GCC_WARN_UNUSED_FUNCTION = YES;
				GCC_WARN_UNUSED_VARIABLE = YES;
				IPHONEOS_DEPLOYMENT_TARGET = 11.2;
				MTL_ENABLE_DEBUG_INFO = YES;
				ONLY_ACTIVE_ARCH = YES;
				SDKROOT = iphoneos;
				SWIFT_ACTIVE_COMPILATION_CONDITIONS = DEBUG;
				SWIFT_OPTIMIZATION_LEVEL = "-Onone";
			};
			name = Debug;
		};
		A36EC1331FE3057D000FBBCC /* Release */ = {
			isa = XCBuildConfiguration;
			buildSettings = {
				ALWAYS_SEARCH_USER_PATHS = NO;
				CLANG_ANALYZER_NONNULL = YES;
				CLANG_ANALYZER_NUMBER_OBJECT_CONVERSION = YES_AGGRESSIVE;
				CLANG_CXX_LANGUAGE_STANDARD = "gnu++14";
				CLANG_CXX_LIBRARY = "libc++";
				CLANG_ENABLE_MODULES = YES;
				CLANG_ENABLE_OBJC_ARC = YES;
				CLANG_WARN_BLOCK_CAPTURE_AUTORELEASING = YES;
				CLANG_WARN_BOOL_CONVERSION = YES;
				CLANG_WARN_COMMA = YES;
				CLANG_WARN_CONSTANT_CONVERSION = YES;
				CLANG_WARN_DIRECT_OBJC_ISA_USAGE = YES_ERROR;
				CLANG_WARN_DOCUMENTATION_COMMENTS = YES;
				CLANG_WARN_EMPTY_BODY = YES;
				CLANG_WARN_ENUM_CONVERSION = YES;
				CLANG_WARN_INFINITE_RECURSION = YES;
				CLANG_WARN_INT_CONVERSION = YES;
				CLANG_WARN_NON_LITERAL_NULL_CONVERSION = YES;
				CLANG_WARN_OBJC_LITERAL_CONVERSION = YES;
				CLANG_WARN_OBJC_ROOT_CLASS = YES_ERROR;
				CLANG_WARN_RANGE_LOOP_ANALYSIS = YES;
				CLANG_WARN_STRICT_PROTOTYPES = YES;
				CLANG_WARN_SUSPICIOUS_MOVE = YES;
				CLANG_WARN_UNGUARDED_AVAILABILITY = YES_AGGRESSIVE;
				CLANG_WARN_UNREACHABLE_CODE = YES;
				CLANG_WARN__DUPLICATE_METHOD_MATCH = YES;
				CODE_SIGN_IDENTITY = "iPhone Developer";
				COPY_PHASE_STRIP = NO;
				DEBUG_INFORMATION_FORMAT = "dwarf-with-dsym";
				ENABLE_NS_ASSERTIONS = NO;
				ENABLE_STRICT_OBJC_MSGSEND = YES;
				GCC_C_LANGUAGE_STANDARD = gnu11;
				GCC_NO_COMMON_BLOCKS = YES;
				GCC_WARN_64_TO_32_BIT_CONVERSION = YES;
				GCC_WARN_ABOUT_RETURN_TYPE = YES_ERROR;
				GCC_WARN_UNDECLARED_SELECTOR = YES;
				GCC_WARN_UNINITIALIZED_AUTOS = YES_AGGRESSIVE;
				GCC_WARN_UNUSED_FUNCTION = YES;
				GCC_WARN_UNUSED_VARIABLE = YES;
				IPHONEOS_DEPLOYMENT_TARGET = 11.2;
				MTL_ENABLE_DEBUG_INFO = NO;
				SDKROOT = iphoneos;
				SWIFT_OPTIMIZATION_LEVEL = "-Owholemodule";
				VALIDATE_PRODUCT = YES;
			};
			name = Release;
		};
		A36EC1351FE3057D000FBBCC /* Debug */ = {
			isa = XCBuildConfiguration;
			buildSettings = {
				ASSETCATALOG_COMPILER_APPICON_NAME = AppIcon;
				CODE_SIGN_STYLE = Automatic;
				DEVELOPMENT_TEAM = Y9G9Y8QVXD;
				INFOPLIST_FILE = "location-aware/Info.plist";
				LD_RUNPATH_SEARCH_PATHS = "$(inherited) @executable_path/Frameworks";
				PRODUCT_BUNDLE_IDENTIFIER = "com.jenhomann.location-aware";
				PRODUCT_NAME = "$(TARGET_NAME)";
				SWIFT_VERSION = 4.0;
				TARGETED_DEVICE_FAMILY = "1,2";
			};
			name = Debug;
		};
		A36EC1361FE3057D000FBBCC /* Release */ = {
			isa = XCBuildConfiguration;
			buildSettings = {
				ASSETCATALOG_COMPILER_APPICON_NAME = AppIcon;
				CODE_SIGN_STYLE = Automatic;
				DEVELOPMENT_TEAM = Y9G9Y8QVXD;
				INFOPLIST_FILE = "location-aware/Info.plist";
				LD_RUNPATH_SEARCH_PATHS = "$(inherited) @executable_path/Frameworks";
				PRODUCT_BUNDLE_IDENTIFIER = "com.jenhomann.location-aware";
				PRODUCT_NAME = "$(TARGET_NAME)";
				SWIFT_VERSION = 4.0;
				TARGETED_DEVICE_FAMILY = "1,2";
			};
			name = Release;
		};
/* End XCBuildConfiguration section */

/* Begin XCConfigurationList section */
		A36EC11D1FE3057D000FBBCC /* Build configuration list for PBXProject "location-aware" */ = {
			isa = XCConfigurationList;
			buildConfigurations = (
				A36EC1321FE3057D000FBBCC /* Debug */,
				A36EC1331FE3057D000FBBCC /* Release */,
			);
			defaultConfigurationIsVisible = 0;
			defaultConfigurationName = Release;
		};
		A36EC1341FE3057D000FBBCC /* Build configuration list for PBXNativeTarget "location-aware" */ = {
			isa = XCConfigurationList;
			buildConfigurations = (
				A36EC1351FE3057D000FBBCC /* Debug */,
				A36EC1361FE3057D000FBBCC /* Release */,
			);
			defaultConfigurationIsVisible = 0;
			defaultConfigurationName = Release;
		};
/* End XCConfigurationList section */
	};
	rootObject = A36EC11A1FE3057D000FBBCC /* Project object */;
}
